
Microsoft Visual Studio Solution File, Format Version 12.00
# Visual Studio Version 17
VisualStudioVersion = 17.7.34018.315
MinimumVisualStudioVersion = 10.0.40219.1
Project("{8BC9CEB8-8B4A-11D0-8D11-00A0C91BC942}") = "sp_lab_5", "sp_lab_5\sp_lab_5.vcxproj", "{788DC4D8-B0DC-435E-AB9D-3F4671BC3FE4}"
EndProject
Project("{8BC9CEB8-8B4A-11D0-8D11-00A0C91BC942}") = "OS13_HTCOM_LIB", "OS13_HTCOM_LIB\OS13_HTCOM_LIB.vcxproj", "{914203E5-CF5E-4107-A1A0-677858230F8E}"
EndProject
Project("{8BC9CEB8-8B4A-11D0-8D11-00A0C91BC942}") = "OS13_CREATE", "OS13_CREATE\OS13_CREATE.vcxproj", "{761719B0-FDE3-4F2C-8316-D5BF6B7F88D6}"
EndProject
Project("{8BC9CEB8-8B4A-11D0-8D11-00A0C91BC942}") = "OS13_START", "OS13_START\OS13_START.vcxproj", "{D8B00B0E-20C2-4133-A1DE-AEF6C117303A}"
EndProject
Project("{8BC9CEB8-8B4A-11D0-8D11-00A0C91BC942}") = "OS13_STOP", "OS13_STOP\OS13_STOP.vcxproj", "{B474EE30-9359-4C74-ADEC-4C5402F1F0E1}"
EndProject
Project("{8BC9CEB8-8B4A-11D0-8D11-00A0C91BC942}") = "OS_0402", "OS_0402\OS_0402.vcxproj", "{5815C7AE-0A79-40B8-9447-E13C8533FBBE}"
EndProject
Project("{8BC9CEB8-8B4A-11D0-8D11-00A0C91BC942}") = "OS_0403", "OS_0403\OS_0403.vcxproj", "{5EDE309B-7904-4F33-85C1-6C033E997E07}"
EndProject
Project("{8BC9CEB8-8B4A-11D0-8D11-00A0C91BC942}") = "OS_0404", "OS_0404\OS_0404.vcxproj", "{C71B9887-C853-429B-AA65-842923B2E12F}"
EndProject
Global
	GlobalSection(SolutionConfigurationPlatforms) = preSolution
		Debug|x64 = Debug|x64
		Debug|x86 = Debug|x86
		Release|x64 = Release|x64
		Release|x86 = Release|x86
	EndGlobalSection
	GlobalSection(ProjectConfigurationPlatforms) = postSolution
		{788DC4D8-B0DC-435E-AB9D-3F4671BC3FE4}.Debug|x64.ActiveCfg = Debug|x64
		{788DC4D8-B0DC-435E-AB9D-3F4671BC3FE4}.Debug|x64.Build.0 = Debug|x64
		{788DC4D8-B0DC-435E-AB9D-3F4671BC3FE4}.Debug|x86.ActiveCfg = Debug|Win32
		{788DC4D8-B0DC-435E-AB9D-3F4671BC3FE4}.Debug|x86.Build.0 = Debug|Win32
		{788DC4D8-B0DC-435E-AB9D-3F4671BC3FE4}.Release|x64.ActiveCfg = Release|x64
		{788DC4D8-B0DC-435E-AB9D-3F4671BC3FE4}.Release|x64.Build.0 = Release|x64
		{788DC4D8-B0DC-435E-AB9D-3F4671BC3FE4}.Release|x86.ActiveCfg = Release|Win32
		{788DC4D8-B0DC-435E-AB9D-3F4671BC3FE4}.Release|x86.Build.0 = Release|Win32
		{914203E5-CF5E-4107-A1A0-677858230F8E}.Debug|x64.ActiveCfg = Debug|x64
		{914203E5-CF5E-4107-A1A0-677858230F8E}.Debug|x64.Build.0 = Debug|x64
		{914203E5-CF5E-4107-A1A0-677858230F8E}.Debug|x86.ActiveCfg = Debug|Win32
		{914203E5-CF5E-4107-A1A0-677858230F8E}.Debug|x86.Build.0 = Debug|Win32
		{914203E5-CF5E-4107-A1A0-677858230F8E}.Release|x64.ActiveCfg = Release|x64
		{914203E5-CF5E-4107-A1A0-677858230F8E}.Release|x64.Build.0 = Release|x64
		{914203E5-CF5E-4107-A1A0-677858230F8E}.Release|x86.ActiveCfg = Release|Win32
		{914203E5-CF5E-4107-A1A0-677858230F8E}.Release|x86.Build.0 = Release|Win32
		{761719B0-FDE3-4F2C-8316-D5BF6B7F88D6}.Debug|x64.ActiveCfg = Debug|x64
		{761719B0-FDE3-4F2C-8316-D5BF6B7F88D6}.Debug|x64.Build.0 = Debug|x64
		{761719B0-FDE3-4F2C-8316-D5BF6B7F88D6}.Debug|x86.ActiveCfg = Debug|Win32
		{761719B0-FDE3-4F2C-8316-D5BF6B7F88D6}.Debug|x86.Build.0 = Debug|Win32
		{761719B0-FDE3-4F2C-8316-D5BF6B7F88D6}.Release|x64.ActiveCfg = Release|x64
		{761719B0-FDE3-4F2C-8316-D5BF6B7F88D6}.Release|x64.Build.0 = Release|x64
		{761719B0-FDE3-4F2C-8316-D5BF6B7F88D6}.Release|x86.ActiveCfg = Release|Win32
		{761719B0-FDE3-4F2C-8316-D5BF6B7F88D6}.Release|x86.Build.0 = Release|Win32
		{D8B00B0E-20C2-4133-A1DE-AEF6C117303A}.Debug|x64.ActiveCfg = Debug|x64
		{D8B00B0E-20C2-4133-A1DE-AEF6C117303A}.Debug|x64.Build.0 = Debug|x64
		{D8B00B0E-20C2-4133-A1DE-AEF6C117303A}.Debug|x86.ActiveCfg = Debug|Win32
		{D8B00B0E-20C2-4133-A1DE-AEF6C117303A}.Debug|x86.Build.0 = Debug|Win32
		{D8B00B0E-20C2-4133-A1DE-AEF6C117303A}.Release|x64.ActiveCfg = Release|x64
		{D8B00B0E-20C2-4133-A1DE-AEF6C117303A}.Release|x64.Build.0 = Release|x64
		{D8B00B0E-20C2-4133-A1DE-AEF6C117303A}.Release|x86.ActiveCfg = Release|Win32
		{D8B00B0E-20C2-4133-A1DE-AEF6C117303A}.Release|x86.Build.0 = Release|Win32
		{B474EE30-9359-4C74-ADEC-4C5402F1F0E1}.Debug|x64.ActiveCfg = Debug|x64
		{B474EE30-9359-4C74-ADEC-4C5402F1F0E1}.Debug|x64.Build.0 = Debug|x64
		{B474EE30-9359-4C74-ADEC-4C5402F1F0E1}.Debug|x86.ActiveCfg = Debug|Win32
		{B474EE30-9359-4C74-ADEC-4C5402F1F0E1}.Debug|x86.Build.0 = Debug|Win32
		{B474EE30-9359-4C74-ADEC-4C5402F1F0E1}.Release|x64.ActiveCfg = Release|x64
		{B474EE30-9359-4C74-ADEC-4C5402F1F0E1}.Release|x64.Build.0 = Release|x64
		{B474EE30-9359-4C74-ADEC-4C5402F1F0E1}.Release|x86.ActiveCfg = Release|Win32
		{B474EE30-9359-4C74-ADEC-4C5402F1F0E1}.Release|x86.Build.0 = Release|Win32
		{5815C7AE-0A79-40B8-9447-E13C8533FBBE}.Debug|x64.ActiveCfg = Debug|x64
		{5815C7AE-0A79-40B8-9447-E13C8533FBBE}.Debug|x64.Build.0 = Debug|x64
		{5815C7AE-0A79-40B8-9447-E13C8533FBBE}.Debug|x86.ActiveCfg = Debug|Win32
		{5815C7AE-0A79-40B8-9447-E13C8533FBBE}.Debug|x86.Build.0 = Debug|Win32
		{5815C7AE-0A79-40B8-9447-E13C8533FBBE}.Release|x64.ActiveCfg = Release|x64
		{5815C7AE-0A79-40B8-9447-E13C8533FBBE}.Release|x64.Build.0 = Release|x64
		{5815C7AE-0A79-40B8-9447-E13C8533FBBE}.Release|x86.ActiveCfg = Release|Win32
		{5815C7AE-0A79-40B8-9447-E13C8533FBBE}.Release|x86.Build.0 = Release|Win32
		{5EDE309B-7904-4F33-85C1-6C033E997E07}.Debug|x64.ActiveCfg = Debug|x64
		{5EDE309B-7904-4F33-85C1-6C033E997E07}.Debug|x64.Build.0 = Debug|x64
		{5EDE309B-7904-4F33-85C1-6C033E997E07}.Debug|x86.ActiveCfg = Debug|Win32
		{5EDE309B-7904-4F33-85C1-6C033E997E07}.Debug|x86.Build.0 = Debug|Win32
		{5EDE309B-7904-4F33-85C1-6C033E997E07}.Release|x64.ActiveCfg = Release|x64
		{5EDE309B-7904-4F33-85C1-6C033E997E07}.Release|x64.Build.0 = Release|x64
		{5EDE309B-7904-4F33-85C1-6C033E997E07}.Release|x86.ActiveCfg = Release|Win32
		{5EDE309B-7904-4F33-85C1-6C033E997E07}.Release|x86.Build.0 = Release|Win32
		{C71B9887-C853-429B-AA65-842923B2E12F}.Debug|x64.ActiveCfg = Debug|x64
		{C71B9887-C853-429B-AA65-842923B2E12F}.Debug|x64.Build.0 = Debug|x64
		{C71B9887-C853-429B-AA65-842923B2E12F}.Debug|x86.ActiveCfg = Debug|Win32
		{C71B9887-C853-429B-AA65-842923B2E12F}.Debug|x86.Build.0 = Debug|Win32
		{C71B9887-C853-429B-AA65-842923B2E12F}.Release|x64.ActiveCfg = Release|x64
		{C71B9887-C853-429B-AA65-842923B2E12F}.Release|x64.Build.0 = Release|x64
		{C71B9887-C853-429B-AA65-842923B2E12F}.Release|x86.ActiveCfg = Release|Win32
		{C71B9887-C853-429B-AA65-842923B2E12F}.Release|x86.Build.0 = Release|Win32
	EndGlobalSection
	GlobalSection(SolutionProperties) = preSolution
		HideSolutionNode = FALSE
	EndGlobalSection
	GlobalSection(ExtensibilityGlobals) = postSolution
		SolutionGuid = {F3213B92-0799-4E83-8CCB-9D3EC221DD6B}
	EndGlobalSection
EndGlobal
