
Microsoft Visual Studio Solution File, Format Version 12.00
# Visual Studio Version 17
VisualStudioVersion = 17.7.34018.315
MinimumVisualStudioVersion = 10.0.40219.1
Project("{8BC9CEB8-8B4A-11D0-8D11-00A0C91BC942}") = "OS14_HTCOM", "sp_lab_6\sp_lab_6.vcxproj", "{FEC0DF3E-7FCB-435B-9BCE-786B460D253B}"
EndProject
Project("{8BC9CEB8-8B4A-11D0-8D11-00A0C91BC942}") = "OS14_HTAPI", "OS14_HTAPI\OS14_HTAPI.vcxproj", "{A5E74665-88C6-4726-B33D-20A5879956E8}"
EndProject
Project("{8BC9CEB8-8B4A-11D0-8D11-00A0C91BC942}") = "OS14_HTCOM_LIB", "OS14_HTCOM_LIB\OS14_HTCOM_LIB.vcxproj", "{611538C8-8F58-4C5B-8F4B-41012F34F367}"
EndProject
Project("{8BC9CEB8-8B4A-11D0-8D11-00A0C91BC942}") = "OS14_CREATE", "OS14_CREATE\OS14_CREATE.vcxproj", "{526F5B5A-991E-46CF-A217-23197BBE7106}"
EndProject
Project("{8BC9CEB8-8B4A-11D0-8D11-00A0C91BC942}") = "OS14_START", "OS14_START\OS14_START.vcxproj", "{AE0BB647-2BC0-4BB5-9941-5B8527A52D7C}"
EndProject
Project("{8BC9CEB8-8B4A-11D0-8D11-00A0C91BC942}") = "OS14_STOP", "OS14_STOP\OS14_STOP.vcxproj", "{D16643D0-026C-41B3-9D00-B94F82EC41A1}"
EndProject
Project("{8BC9CEB8-8B4A-11D0-8D11-00A0C91BC942}") = "OS_0402", "OS_0402\OS_0402.vcxproj", "{79D16C3C-3A2F-4A99-8C46-B06969E3B630}"
EndProject
Project("{8BC9CEB8-8B4A-11D0-8D11-00A0C91BC942}") = "OS_0403", "OS_0403\OS_0403.vcxproj", "{474B8733-22D5-4A27-B3AF-EC71D7D6F1CC}"
EndProject
Project("{8BC9CEB8-8B4A-11D0-8D11-00A0C91BC942}") = "OS_0404", "OS_0404\OS_0404.vcxproj", "{6C3E1F9E-4082-4953-B4F8-33E7EF52F58D}"
EndProject
Global
	GlobalSection(SolutionConfigurationPlatforms) = preSolution
		Debug|x64 = Debug|x64
		Debug|x86 = Debug|x86
		Release|x64 = Release|x64
		Release|x86 = Release|x86
	EndGlobalSection
	GlobalSection(ProjectConfigurationPlatforms) = postSolution
		{FEC0DF3E-7FCB-435B-9BCE-786B460D253B}.Debug|x64.ActiveCfg = Debug|x64
		{FEC0DF3E-7FCB-435B-9BCE-786B460D253B}.Debug|x64.Build.0 = Debug|x64
		{FEC0DF3E-7FCB-435B-9BCE-786B460D253B}.Debug|x86.ActiveCfg = Debug|Win32
		{FEC0DF3E-7FCB-435B-9BCE-786B460D253B}.Debug|x86.Build.0 = Debug|Win32
		{FEC0DF3E-7FCB-435B-9BCE-786B460D253B}.Release|x64.ActiveCfg = Release|x64
		{FEC0DF3E-7FCB-435B-9BCE-786B460D253B}.Release|x64.Build.0 = Release|x64
		{FEC0DF3E-7FCB-435B-9BCE-786B460D253B}.Release|x86.ActiveCfg = Release|Win32
		{FEC0DF3E-7FCB-435B-9BCE-786B460D253B}.Release|x86.Build.0 = Release|Win32
		{A5E74665-88C6-4726-B33D-20A5879956E8}.Debug|x64.ActiveCfg = Debug|x64
		{A5E74665-88C6-4726-B33D-20A5879956E8}.Debug|x64.Build.0 = Debug|x64
		{A5E74665-88C6-4726-B33D-20A5879956E8}.Debug|x86.ActiveCfg = Debug|Win32
		{A5E74665-88C6-4726-B33D-20A5879956E8}.Debug|x86.Build.0 = Debug|Win32
		{A5E74665-88C6-4726-B33D-20A5879956E8}.Release|x64.ActiveCfg = Release|x64
		{A5E74665-88C6-4726-B33D-20A5879956E8}.Release|x64.Build.0 = Release|x64
		{A5E74665-88C6-4726-B33D-20A5879956E8}.Release|x86.ActiveCfg = Release|Win32
		{A5E74665-88C6-4726-B33D-20A5879956E8}.Release|x86.Build.0 = Release|Win32
		{611538C8-8F58-4C5B-8F4B-41012F34F367}.Debug|x64.ActiveCfg = Debug|x64
		{611538C8-8F58-4C5B-8F4B-41012F34F367}.Debug|x64.Build.0 = Debug|x64
		{611538C8-8F58-4C5B-8F4B-41012F34F367}.Debug|x86.ActiveCfg = Debug|Win32
		{611538C8-8F58-4C5B-8F4B-41012F34F367}.Debug|x86.Build.0 = Debug|Win32
		{611538C8-8F58-4C5B-8F4B-41012F34F367}.Release|x64.ActiveCfg = Release|x64
		{611538C8-8F58-4C5B-8F4B-41012F34F367}.Release|x64.Build.0 = Release|x64
		{611538C8-8F58-4C5B-8F4B-41012F34F367}.Release|x86.ActiveCfg = Release|Win32
		{611538C8-8F58-4C5B-8F4B-41012F34F367}.Release|x86.Build.0 = Release|Win32
		{526F5B5A-991E-46CF-A217-23197BBE7106}.Debug|x64.ActiveCfg = Debug|x64
		{526F5B5A-991E-46CF-A217-23197BBE7106}.Debug|x64.Build.0 = Debug|x64
		{526F5B5A-991E-46CF-A217-23197BBE7106}.Debug|x86.ActiveCfg = Debug|Win32
		{526F5B5A-991E-46CF-A217-23197BBE7106}.Debug|x86.Build.0 = Debug|Win32
		{526F5B5A-991E-46CF-A217-23197BBE7106}.Release|x64.ActiveCfg = Release|x64
		{526F5B5A-991E-46CF-A217-23197BBE7106}.Release|x64.Build.0 = Release|x64
		{526F5B5A-991E-46CF-A217-23197BBE7106}.Release|x86.ActiveCfg = Release|Win32
		{526F5B5A-991E-46CF-A217-23197BBE7106}.Release|x86.Build.0 = Release|Win32
		{AE0BB647-2BC0-4BB5-9941-5B8527A52D7C}.Debug|x64.ActiveCfg = Debug|x64
		{AE0BB647-2BC0-4BB5-9941-5B8527A52D7C}.Debug|x64.Build.0 = Debug|x64
		{AE0BB647-2BC0-4BB5-9941-5B8527A52D7C}.Debug|x86.ActiveCfg = Debug|Win32
		{AE0BB647-2BC0-4BB5-9941-5B8527A52D7C}.Debug|x86.Build.0 = Debug|Win32
		{AE0BB647-2BC0-4BB5-9941-5B8527A52D7C}.Release|x64.ActiveCfg = Release|x64
		{AE0BB647-2BC0-4BB5-9941-5B8527A52D7C}.Release|x64.Build.0 = Release|x64
		{AE0BB647-2BC0-4BB5-9941-5B8527A52D7C}.Release|x86.ActiveCfg = Release|Win32
		{AE0BB647-2BC0-4BB5-9941-5B8527A52D7C}.Release|x86.Build.0 = Release|Win32
		{D16643D0-026C-41B3-9D00-B94F82EC41A1}.Debug|x64.ActiveCfg = Debug|x64
		{D16643D0-026C-41B3-9D00-B94F82EC41A1}.Debug|x64.Build.0 = Debug|x64
		{D16643D0-026C-41B3-9D00-B94F82EC41A1}.Debug|x86.ActiveCfg = Debug|Win32
		{D16643D0-026C-41B3-9D00-B94F82EC41A1}.Debug|x86.Build.0 = Debug|Win32
		{D16643D0-026C-41B3-9D00-B94F82EC41A1}.Release|x64.ActiveCfg = Release|x64
		{D16643D0-026C-41B3-9D00-B94F82EC41A1}.Release|x64.Build.0 = Release|x64
		{D16643D0-026C-41B3-9D00-B94F82EC41A1}.Release|x86.ActiveCfg = Release|Win32
		{D16643D0-026C-41B3-9D00-B94F82EC41A1}.Release|x86.Build.0 = Release|Win32
		{79D16C3C-3A2F-4A99-8C46-B06969E3B630}.Debug|x64.ActiveCfg = Debug|x64
		{79D16C3C-3A2F-4A99-8C46-B06969E3B630}.Debug|x64.Build.0 = Debug|x64
		{79D16C3C-3A2F-4A99-8C46-B06969E3B630}.Debug|x86.ActiveCfg = Debug|Win32
		{79D16C3C-3A2F-4A99-8C46-B06969E3B630}.Debug|x86.Build.0 = Debug|Win32
		{79D16C3C-3A2F-4A99-8C46-B06969E3B630}.Release|x64.ActiveCfg = Release|x64
		{79D16C3C-3A2F-4A99-8C46-B06969E3B630}.Release|x64.Build.0 = Release|x64
		{79D16C3C-3A2F-4A99-8C46-B06969E3B630}.Release|x86.ActiveCfg = Release|Win32
		{79D16C3C-3A2F-4A99-8C46-B06969E3B630}.Release|x86.Build.0 = Release|Win32
		{474B8733-22D5-4A27-B3AF-EC71D7D6F1CC}.Debug|x64.ActiveCfg = Debug|x64
		{474B8733-22D5-4A27-B3AF-EC71D7D6F1CC}.Debug|x64.Build.0 = Debug|x64
		{474B8733-22D5-4A27-B3AF-EC71D7D6F1CC}.Debug|x86.ActiveCfg = Debug|Win32
		{474B8733-22D5-4A27-B3AF-EC71D7D6F1CC}.Debug|x86.Build.0 = Debug|Win32
		{474B8733-22D5-4A27-B3AF-EC71D7D6F1CC}.Release|x64.ActiveCfg = Release|x64
		{474B8733-22D5-4A27-B3AF-EC71D7D6F1CC}.Release|x64.Build.0 = Release|x64
		{474B8733-22D5-4A27-B3AF-EC71D7D6F1CC}.Release|x86.ActiveCfg = Release|Win32
		{474B8733-22D5-4A27-B3AF-EC71D7D6F1CC}.Release|x86.Build.0 = Release|Win32
		{6C3E1F9E-4082-4953-B4F8-33E7EF52F58D}.Debug|x64.ActiveCfg = Debug|x64
		{6C3E1F9E-4082-4953-B4F8-33E7EF52F58D}.Debug|x64.Build.0 = Debug|x64
		{6C3E1F9E-4082-4953-B4F8-33E7EF52F58D}.Debug|x86.ActiveCfg = Debug|Win32
		{6C3E1F9E-4082-4953-B4F8-33E7EF52F58D}.Debug|x86.Build.0 = Debug|Win32
		{6C3E1F9E-4082-4953-B4F8-33E7EF52F58D}.Release|x64.ActiveCfg = Release|x64
		{6C3E1F9E-4082-4953-B4F8-33E7EF52F58D}.Release|x64.Build.0 = Release|x64
		{6C3E1F9E-4082-4953-B4F8-33E7EF52F58D}.Release|x86.ActiveCfg = Release|Win32
		{6C3E1F9E-4082-4953-B4F8-33E7EF52F58D}.Release|x86.Build.0 = Release|Win32
	EndGlobalSection
	GlobalSection(SolutionProperties) = preSolution
		HideSolutionNode = FALSE
	EndGlobalSection
	GlobalSection(ExtensibilityGlobals) = postSolution
		SolutionGuid = {18BDAB48-BD8D-4AF8-836F-827259498841}
	EndGlobalSection
EndGlobal
